// !$*UTF8*$!
{
	archiveVersion = 1;
	classes = {
	};
	objectVersion = 46;
	objects = {

/* Begin PBXBuildFile section */
		E2F4429D1B4F6631008D3FAE /* DiaryLsitTableTableViewController.swift in Sources */ = {isa = PBXBuildFile; fileRef = E2F4429C1B4F6631008D3FAE /* DiaryLsitTableTableViewController.swift */; };
		E2F442A21B4F6D74008D3FAE /* Diary.swift in Sources */ = {isa = PBXBuildFile; fileRef = E2F442A11B4F6D74008D3FAE /* Diary.swift */; };
		E2F442A41B4F6DA7008D3FAE /* DiaryController.swift in Sources */ = {isa = PBXBuildFile; fileRef = E2F442A31B4F6DA7008D3FAE /* DiaryController.swift */; };
		E2F442A61B4F7B2F008D3FAE /* NewDiaryViewController.swift in Sources */ = {isa = PBXBuildFile; fileRef = E2F442A51B4F7B2F008D3FAE /* NewDiaryViewController.swift */; };
		E2F442A81B4FAD92008D3FAE /* DetailDiaryViewController.swift in Sources */ = {isa = PBXBuildFile; fileRef = E2F442A71B4FAD92008D3FAE /* DetailDiaryViewController.swift */; };
		E2F442AA1B50D845008D3FAE /* EditDiaryViewController.swift in Sources */ = {isa = PBXBuildFile; fileRef = E2F442A91B50D845008D3FAE /* EditDiaryViewController.swift */; };
		E2F442AC1B50DC34008D3FAE /* DiaryStocks.swift in Sources */ = {isa = PBXBuildFile; fileRef = E2F442AB1B50DC34008D3FAE /* DiaryStocks.swift */; };
		E2FB98711B4E570900A47C32 /* AppDelegate.swift in Sources */ = {isa = PBXBuildFile; fileRef = E2FB98701B4E570900A47C32 /* AppDelegate.swift */; };
		E2FB98761B4E570900A47C32 /* Main.storyboard in Resources */ = {isa = PBXBuildFile; fileRef = E2FB98741B4E570900A47C32 /* Main.storyboard */; };
		E2FB98781B4E570900A47C32 /* Images.xcassets in Resources */ = {isa = PBXBuildFile; fileRef = E2FB98771B4E570900A47C32 /* Images.xcassets */; };
		E2FB987B1B4E570900A47C32 /* LaunchScreen.xib in Resources */ = {isa = PBXBuildFile; fileRef = E2FB98791B4E570900A47C32 /* LaunchScreen.xib */; };
		E2FB98871B4E570900A47C32 /* DiaryApp3Tests.swift in Sources */ = {isa = PBXBuildFile; fileRef = E2FB98861B4E570900A47C32 /* DiaryApp3Tests.swift */; };
/* End PBXBuildFile section */

/* Begin PBXContainerItemProxy section */
		E2FB98811B4E570900A47C32 /* PBXContainerItemProxy */ = {
			isa = PBXContainerItemProxy;
			containerPortal = E2FB98631B4E570900A47C32 /* Project object */;
			proxyType = 1;
			remoteGlobalIDString = E2FB986A1B4E570900A47C32;
			remoteInfo = DiaryApp3;
		};
/* End PBXContainerItemProxy section */

/* Begin PBXFileReference section */
		E2F4429C1B4F6631008D3FAE /* DiaryLsitTableTableViewController.swift */ = {isa = PBXFileReference; fileEncoding = 4; lastKnownFileType = sourcecode.swift; path = DiaryLsitTableTableViewController.swift; sourceTree = "<group>"; };
		E2F442A11B4F6D74008D3FAE /* Diary.swift */ = {isa = PBXFileReference; fileEncoding = 4; lastKnownFileType = sourcecode.swift; path = Diary.swift; sourceTree = "<group>"; };
		E2F442A31B4F6DA7008D3FAE /* DiaryController.swift */ = {isa = PBXFileReference; fileEncoding = 4; lastKnownFileType = sourcecode.swift; path = DiaryController.swift; sourceTree = "<group>"; };
		E2F442A51B4F7B2F008D3FAE /* NewDiaryViewController.swift */ = {isa = PBXFileReference; fileEncoding = 4; lastKnownFileType = sourcecode.swift; path = NewDiaryViewController.swift; sourceTree = "<group>"; };
		E2F442A71B4FAD92008D3FAE /* DetailDiaryViewController.swift */ = {isa = PBXFileReference; fileEncoding = 4; lastKnownFileType = sourcecode.swift; path = DetailDiaryViewController.swift; sourceTree = "<group>"; };
		E2F442A91B50D845008D3FAE /* EditDiaryViewController.swift */ = {isa = PBXFileReference; fileEncoding = 4; lastKnownFileType = sourcecode.swift; path = EditDiaryViewController.swift; sourceTree = "<group>"; };
		E2F442AB1B50DC34008D3FAE /* DiaryStocks.swift */ = {isa = PBXFileReference; fileEncoding = 4; lastKnownFileType = sourcecode.swift; path = DiaryStocks.swift; sourceTree = "<group>"; };
		E2FB986B1B4E570900A47C32 /* DiaryApp3.app */ = {isa = PBXFileReference; explicitFileType = wrapper.application; includeInIndex = 0; path = DiaryApp3.app; sourceTree = BUILT_PRODUCTS_DIR; };
		E2FB986F1B4E570900A47C32 /* Info.plist */ = {isa = PBXFileReference; lastKnownFileType = text.plist.xml; path = Info.plist; sourceTree = "<group>"; };
		E2FB98701B4E570900A47C32 /* AppDelegate.swift */ = {isa = PBXFileReference; lastKnownFileType = sourcecode.swift; path = AppDelegate.swift; sourceTree = "<group>"; };
		E2FB98751B4E570900A47C32 /* Base */ = {isa = PBXFileReference; lastKnownFileType = file.storyboard; name = Base; path = Base.lproj/Main.storyboard; sourceTree = "<group>"; };
		E2FB98771B4E570900A47C32 /* Images.xcassets */ = {isa = PBXFileReference; lastKnownFileType = folder.assetcatalog; path = Images.xcassets; sourceTree = "<group>"; };
		E2FB987A1B4E570900A47C32 /* Base */ = {isa = PBXFileReference; lastKnownFileType = file.xib; name = Base; path = Base.lproj/LaunchScreen.xib; sourceTree = "<group>"; };
		E2FB98801B4E570900A47C32 /* DiaryApp3Tests.xctest */ = {isa = PBXFileReference; explicitFileType = wrapper.cfbundle; includeInIndex = 0; path = DiaryApp3Tests.xctest; sourceTree = BUILT_PRODUCTS_DIR; };
		E2FB98851B4E570900A47C32 /* Info.plist */ = {isa = PBXFileReference; lastKnownFileType = text.plist.xml; path = Info.plist; sourceTree = "<group>"; };
		E2FB98861B4E570900A47C32 /* DiaryApp3Tests.swift */ = {isa = PBXFileReference; lastKnownFileType = sourcecode.swift; path = DiaryApp3Tests.swift; sourceTree = "<group>"; };
/* End PBXFileReference section */

/* Begin PBXFrameworksBuildPhase section */
		E2FB98681B4E570900A47C32 /* Frameworks */ = {
			isa = PBXFrameworksBuildPhase;
			buildActionMask = 2147483647;
			files = (
			);
			runOnlyForDeploymentPostprocessing = 0;
		};
		E2FB987D1B4E570900A47C32 /* Frameworks */ = {
			isa = PBXFrameworksBuildPhase;
			buildActionMask = 2147483647;
			files = (
			);
			runOnlyForDeploymentPostprocessing = 0;
		};
/* End PBXFrameworksBuildPhase section */

/* Begin PBXGroup section */
		E2F4429E1B4F6CF6008D3FAE /* Model */ = {
			isa = PBXGroup;
			children = (
				E2F442A11B4F6D74008D3FAE /* Diary.swift */,
				E2F442AB1B50DC34008D3FAE /* DiaryStocks.swift */,
			);
			name = Model;
			sourceTree = "<group>";
		};
		E2F4429F1B4F6D01008D3FAE /* ViewController */ = {
			isa = PBXGroup;
			children = (
				E2F442A31B4F6DA7008D3FAE /* DiaryController.swift */,
			);
			name = ViewController;
			sourceTree = "<group>";
		};
		E2F442A01B4F6D0C008D3FAE /* View */ = {
			isa = PBXGroup;
			children = (
				E2F4429C1B4F6631008D3FAE /* DiaryLsitTableTableViewController.swift */,
				E2F442A51B4F7B2F008D3FAE /* NewDiaryViewController.swift */,
				E2F442A71B4FAD92008D3FAE /* DetailDiaryViewController.swift */,
				E2F442A91B50D845008D3FAE /* EditDiaryViewController.swift */,
			);
			name = View;
			sourceTree = "<group>";
		};
		E2FB98621B4E570900A47C32 = {
			isa = PBXGroup;
			children = (
				E2FB986D1B4E570900A47C32 /* DiaryApp3 */,
				E2FB98831B4E570900A47C32 /* DiaryApp3Tests */,
				E2FB986C1B4E570900A47C32 /* Products */,
			);
			sourceTree = "<group>";
		};
		E2FB986C1B4E570900A47C32 /* Products */ = {
			isa = PBXGroup;
			children = (
				E2FB986B1B4E570900A47C32 /* DiaryApp3.app */,
				E2FB98801B4E570900A47C32 /* DiaryApp3Tests.xctest */,
			);
			name = Products;
			sourceTree = "<group>";
		};
		E2FB986D1B4E570900A47C32 /* DiaryApp3 */ = {
			isa = PBXGroup;
			children = (
				E2F4429E1B4F6CF6008D3FAE /* Model */,
				E2F4429F1B4F6D01008D3FAE /* ViewController */,
				E2F442A01B4F6D0C008D3FAE /* View */,
				E2FB98701B4E570900A47C32 /* AppDelegate.swift */,
				E2FB98741B4E570900A47C32 /* Main.storyboard */,
				E2FB98771B4E570900A47C32 /* Images.xcassets */,
				E2FB98791B4E570900A47C32 /* LaunchScreen.xib */,
				E2FB986E1B4E570900A47C32 /* Supporting Files */,
			);
			path = DiaryApp3;
			sourceTree = "<group>";
		};
		E2FB986E1B4E570900A47C32 /* Supporting Files */ = {
			isa = PBXGroup;
			children = (
				E2FB986F1B4E570900A47C32 /* Info.plist */,
			);
			name = "Supporting Files";
			sourceTree = "<group>";
		};
		E2FB98831B4E570900A47C32 /* DiaryApp3Tests */ = {
			isa = PBXGroup;
			children = (
				E2FB98861B4E570900A47C32 /* DiaryApp3Tests.swift */,
				E2FB98841B4E570900A47C32 /* Supporting Files */,
			);
			path = DiaryApp3Tests;
			sourceTree = "<group>";
		};
		E2FB98841B4E570900A47C32 /* Supporting Files */ = {
			isa = PBXGroup;
			children = (
				E2FB98851B4E570900A47C32 /* Info.plist */,
			);
			name = "Supporting Files";
			sourceTree = "<group>";
		};
/* End PBXGroup section */

/* Begin PBXNativeTarget section */
		E2FB986A1B4E570900A47C32 /* DiaryApp3 */ = {
			isa = PBXNativeTarget;
			buildConfigurationList = E2FB988A1B4E570900A47C32 /* Build configuration list for PBXNativeTarget "DiaryApp3" */;
			buildPhases = (
				E2FB98671B4E570900A47C32 /* Sources */,
				E2FB98681B4E570900A47C32 /* Frameworks */,
				E2FB98691B4E570900A47C32 /* Resources */,
			);
			buildRules = (
			);
			dependencies = (
			);
			name = DiaryApp3;
			productName = DiaryApp3;
			productReference = E2FB986B1B4E570900A47C32 /* DiaryApp3.app */;
			productType = "com.apple.product-type.application";
		};
		E2FB987F1B4E570900A47C32 /* DiaryApp3Tests */ = {
			isa = PBXNativeTarget;
			buildConfigurationList = E2FB988D1B4E570900A47C32 /* Build configuration list for PBXNativeTarget "DiaryApp3Tests" */;
			buildPhases = (
				E2FB987C1B4E570900A47C32 /* Sources */,
				E2FB987D1B4E570900A47C32 /* Frameworks */,
				E2FB987E1B4E570900A47C32 /* Resources */,
			);
			buildRules = (
			);
			dependencies = (
				E2FB98821B4E570900A47C32 /* PBXTargetDependency */,
			);
			name = DiaryApp3Tests;
			productName = DiaryApp3Tests;
			productReference = E2FB98801B4E570900A47C32 /* DiaryApp3Tests.xctest */;
			productType = "com.apple.product-type.bundle.unit-test";
		};
/* End PBXNativeTarget section */

/* Begin PBXProject section */
		E2FB98631B4E570900A47C32 /* Project object */ = {
			isa = PBXProject;
			attributes = {
				LastUpgradeCheck = 0630;
				ORGANIZATIONNAME = "Kyohei Seo";
				TargetAttributes = {
					E2FB986A1B4E570900A47C32 = {
						CreatedOnToolsVersion = 6.3.2;
					};
					E2FB987F1B4E570900A47C32 = {
						CreatedOnToolsVersion = 6.3.2;
						TestTargetID = E2FB986A1B4E570900A47C32;
					};
				};
			};
			buildConfigurationList = E2FB98661B4E570900A47C32 /* Build configuration list for PBXProject "DiaryApp3" */;
			compatibilityVersion = "Xcode 3.2";
			developmentRegion = English;
			hasScannedForEncodings = 0;
			knownRegions = (
				en,
				Base,
			);
			mainGroup = E2FB98621B4E570900A47C32;
			productRefGroup = E2FB986C1B4E570900A47C32 /* Products */;
			projectDirPath = "";
			projectRoot = "";
			targets = (
				E2FB986A1B4E570900A47C32 /* DiaryApp3 */,
				E2FB987F1B4E570900A47C32 /* DiaryApp3Tests */,
			);
		};
/* End PBXProject section */

/* Begin PBXResourcesBuildPhase section */
		E2FB98691B4E570900A47C32 /* Resources */ = {
			isa = PBXResourcesBuildPhase;
			buildActionMask = 2147483647;
			files = (
				E2FB98761B4E570900A47C32 /* Main.storyboard in Resources */,
				E2FB987B1B4E570900A47C32 /* LaunchScreen.xib in Resources */,
				E2FB98781B4E570900A47C32 /* Images.xcassets in Resources */,
			);
			runOnlyForDeploymentPostprocessing = 0;
		};
		E2FB987E1B4E570900A47C32 /* Resources */ = {
			isa = PBXResourcesBuildPhase;
			buildActionMask = 2147483647;
			files = (
			);
			runOnlyForDeploymentPostprocessing = 0;
		};
/* End PBXResourcesBuildPhase section */

/* Begin PBXSourcesBuildPhase section */
		E2FB98671B4E570900A47C32 /* Sources */ = {
			isa = PBXSourcesBuildPhase;
			buildActionMask = 2147483647;
			files = (
				E2F4429D1B4F6631008D3FAE /* DiaryLsitTableTableViewController.swift in Sources */,
				E2F442A41B4F6DA7008D3FAE /* DiaryController.swift in Sources */,
				E2F442AA1B50D845008D3FAE /* EditDiaryViewController.swift in Sources */,
				E2FB98711B4E570900A47C32 /* AppDelegate.swift in Sources */,
				E2F442AC1B50DC34008D3FAE /* DiaryStocks.swift in Sources */,
				E2F442A21B4F6D74008D3FAE /* Diary.swift in Sources */,
				E2F442A61B4F7B2F008D3FAE /* NewDiaryViewController.swift in Sources */,
				E2F442A81B4FAD92008D3FAE /* DetailDiaryViewController.swift in Sources */,
			);
			runOnlyForDeploymentPostprocessing = 0;
		};
		E2FB987C1B4E570900A47C32 /* Sources */ = {
			isa = PBXSourcesBuildPhase;
			buildActionMask = 2147483647;
			files = (
				E2FB98871B4E570900A47C32 /* DiaryApp3Tests.swift in Sources */,
			);
			runOnlyForDeploymentPostprocessing = 0;
		};
/* End PBXSourcesBuildPhase section */

/* Begin PBXTargetDependency section */
		E2FB98821B4E570900A47C32 /* PBXTargetDependency */ = {
			isa = PBXTargetDependency;
			target = E2FB986A1B4E570900A47C32 /* DiaryApp3 */;
			targetProxy = E2FB98811B4E570900A47C32 /* PBXContainerItemProxy */;
		};
/* End PBXTargetDependency section */

/* Begin PBXVariantGroup section */
		E2FB98741B4E570900A47C32 /* Main.storyboard */ = {
			isa = PBXVariantGroup;
			children = (
				E2FB98751B4E570900A47C32 /* Base */,
			);
			name = Main.storyboard;
			sourceTree = "<group>";
		};
		E2FB98791B4E570900A47C32 /* LaunchScreen.xib */ = {
			isa = PBXVariantGroup;
			children = (
				E2FB987A1B4E570900A47C32 /* Base */,
			);
			name = LaunchScreen.xib;
			sourceTree = "<group>";
		};
/* End PBXVariantGroup section */

/* Begin XCBuildConfiguration section */
		E2FB98881B4E570900A47C32 /* Debug */ = {
			isa = XCBuildConfiguration;
			buildSettings = {
				ALWAYS_SEARCH_USER_PATHS = NO;
				CLANG_CXX_LANGUAGE_STANDARD = "gnu++0x";
				CLANG_CXX_LIBRARY = "libc++";
				CLANG_ENABLE_MODULES = YES;
				CLANG_ENABLE_OBJC_ARC = YES;
				CLANG_WARN_BOOL_CONVERSION = YES;
				CLANG_WARN_CONSTANT_CONVERSION = YES;
				CLANG_WARN_DIRECT_OBJC_ISA_USAGE = YES_ERROR;
				CLANG_WARN_EMPTY_BODY = YES;
				CLANG_WARN_ENUM_CONVERSION = YES;
				CLANG_WARN_INT_CONVERSION = YES;
				CLANG_WARN_OBJC_ROOT_CLASS = YES_ERROR;
				CLANG_WARN_UNREACHABLE_CODE = YES;
				CLANG_WARN__DUPLICATE_METHOD_MATCH = YES;
				"CODE_SIGN_IDENTITY[sdk=iphoneos*]" = "iPhone Developer";
				COPY_PHASE_STRIP = NO;
				DEBUG_INFORMATION_FORMAT = "dwarf-with-dsym";
				ENABLE_STRICT_OBJC_MSGSEND = YES;
				GCC_C_LANGUAGE_STANDARD = gnu99;
				GCC_DYNAMIC_NO_PIC = NO;
				GCC_NO_COMMON_BLOCKS = YES;
				GCC_OPTIMIZATION_LEVEL = 0;
				GCC_PREPROCESSOR_DEFINITIONS = (
					"DEBUG=1",
					"$(inherited)",
				);
				GCC_SYMBOLS_PRIVATE_EXTERN = NO;
				GCC_WARN_64_TO_32_BIT_CONVERSION = YES;
				GCC_WARN_ABOUT_RETURN_TYPE = YES_ERROR;
				GCC_WARN_UNDECLARED_SELECTOR = YES;
				GCC_WARN_UNINITIALIZED_AUTOS = YES_AGGRESSIVE;
				GCC_WARN_UNUSED_FUNCTION = YES;
				GCC_WARN_UNUSED_VARIABLE = YES;
				IPHONEOS_DEPLOYMENT_TARGET = 8.3;
				MTL_ENABLE_DEBUG_INFO = YES;
				ONLY_ACTIVE_ARCH = YES;
				SDKROOT = iphoneos;
				SWIFT_OPTIMIZATION_LEVEL = "-Onone";
			};
			name = Debug;
		};
		E2FB98891B4E570900A47C32 /* Release */ = {
			isa = XCBuildConfiguration;
			buildSettings = {
				ALWAYS_SEARCH_USER_PATHS = NO;
				CLANG_CXX_LANGUAGE_STANDARD = "gnu++0x";
				CLANG_CXX_LIBRARY = "libc++";
				CLANG_ENABLE_MODULES = YES;
				CLANG_ENABLE_OBJC_ARC = YES;
				CLANG_WARN_BOOL_CONVERSION = YES;
				CLANG_WARN_CONSTANT_CONVERSION = YES;
				CLANG_WARN_DIRECT_OBJC_ISA_USAGE = YES_ERROR;
				CLANG_WARN_EMPTY_BODY = YES;
				CLANG_WARN_ENUM_CONVERSION = YES;
				CLANG_WARN_INT_CONVERSION = YES;
				CLANG_WARN_OBJC_ROOT_CLASS = YES_ERROR;
				CLANG_WARN_UNREACHABLE_CODE = YES;
				CLANG_WARN__DUPLICATE_METHOD_MATCH = YES;
				"CODE_SIGN_IDENTITY[sdk=iphoneos*]" = "iPhone Developer";
				COPY_PHASE_STRIP = NO;
				DEBUG_INFORMATION_FORMAT = "dwarf-with-dsym";
				ENABLE_NS_ASSERTIONS = NO;
				ENABLE_STRICT_OBJC_MSGSEND = YES;
				GCC_C_LANGUAGE_STANDARD = gnu99;
				GCC_NO_COMMON_BLOCKS = YES;
				GCC_WARN_64_TO_32_BIT_CONVERSION = YES;
				GCC_WARN_ABOUT_RETURN_TYPE = YES_ERROR;
				GCC_WARN_UNDECLARED_SELECTOR = YES;
				GCC_WARN_UNINITIALIZED_AUTOS = YES_AGGRESSIVE;
				GCC_WARN_UNUSED_FUNCTION = YES;
				GCC_WARN_UNUSED_VARIABLE = YES;
				IPHONEOS_DEPLOYMENT_TARGET = 8.3;
				MTL_ENABLE_DEBUG_INFO = NO;
				SDKROOT = iphoneos;
				VALIDATE_PRODUCT = YES;
			};
			name = Release;
		};
		E2FB988B1B4E570900A47C32 /* Debug */ = {
			isa = XCBuildConfiguration;
			buildSettings = {
				ASSETCATALOG_COMPILER_APPICON_NAME = AppIcon;
				INFOPLIST_FILE = DiaryApp3/Info.plist;
				LD_RUNPATH_SEARCH_PATHS = "$(inherited) @executable_path/Frameworks";
				PRODUCT_NAME = "$(TARGET_NAME)";
			};
			name = Debug;
		};
		E2FB988C1B4E570900A47C32 /* Release */ = {
			isa = XCBuildConfiguration;
			buildSettings = {
				ASSETCATALOG_COMPILER_APPICON_NAME = AppIcon;
				INFOPLIST_FILE = DiaryApp3/Info.plist;
				LD_RUNPATH_SEARCH_PATHS = "$(inherited) @executable_path/Frameworks";
				PRODUCT_NAME = "$(TARGET_NAME)";
			};
			name = Release;
		};
		E2FB988E1B4E570900A47C32 /* Debug */ = {
			isa = XCBuildConfiguration;
			buildSettings = {
				BUNDLE_LOADER = "$(TEST_HOST)";
				FRAMEWORK_SEARCH_PATHS = (
					"$(SDKROOT)/Developer/Library/Frameworks",
					"$(inherited)",
				);
				GCC_PREPROCESSOR_DEFINITIONS = (
					"DEBUG=1",
					"$(inherited)",
				);
				INFOPLIST_FILE = DiaryApp3Tests/Info.plist;
				LD_RUNPATH_SEARCH_PATHS = "$(inherited) @executable_path/Frameworks @loader_path/Frameworks";
				PRODUCT_NAME = "$(TARGET_NAME)";
				TEST_HOST = "$(BUILT_PRODUCTS_DIR)/DiaryApp3.app/DiaryApp3";
			};
			name = Debug;
		};
		E2FB988F1B4E570900A47C32 /* Release */ = {
			isa = XCBuildConfiguration;
			buildSettings = {
				BUNDLE_LOADER = "$(TEST_HOST)";
				FRAMEWORK_SEARCH_PATHS = (
					"$(SDKROOT)/Developer/Library/Frameworks",
					"$(inherited)",
				);
				INFOPLIST_FILE = DiaryApp3Tests/Info.plist;
				LD_RUNPATH_SEARCH_PATHS = "$(inherited) @executable_path/Frameworks @loader_path/Frameworks";
				PRODUCT_NAME = "$(TARGET_NAME)";
				TEST_HOST = "$(BUILT_PRODUCTS_DIR)/DiaryApp3.app/DiaryApp3";
			};
			name = Release;
		};
/* End XCBuildConfiguration section */

/* Begin XCConfigurationList section */
		E2FB98661B4E570900A47C32 /* Build configuration list for PBXProject "DiaryApp3" */ = {
			isa = XCConfigurationList;
			buildConfigurations = (
				E2FB98881B4E570900A47C32 /* Debug */,
				E2FB98891B4E570900A47C32 /* Release */,
			);
			defaultConfigurationIsVisible = 0;
			defaultConfigurationName = Release;
		};
		E2FB988A1B4E570900A47C32 /* Build configuration list for PBXNativeTarget "DiaryApp3" */ = {
			isa = XCConfigurationList;
			buildConfigurations = (
				E2FB988B1B4E570900A47C32 /* Debug */,
				E2FB988C1B4E570900A47C32 /* Release */,
			);
			defaultConfigurationIsVisible = 0;
			defaultConfigurationName = Release;
		};
		E2FB988D1B4E570900A47C32 /* Build configuration list for PBXNativeTarget "DiaryApp3Tests" */ = {
			isa = XCConfigurationList;
			buildConfigurations = (
				E2FB988E1B4E570900A47C32 /* Debug */,
				E2FB988F1B4E570900A47C32 /* Release */,
			);
			defaultConfigurationIsVisible = 0;
			defaultConfigurationName = Release;
		};
/* End XCConfigurationList section */
	};
	rootObject = E2FB98631B4E570900A47C32 /* Project object */;
}
